
Microsoft Visual Studio Solution File, Format Version 12.00
# Visual Studio Version 16
VisualStudioVersion = 16.0.29306.81
MinimumVisualStudioVersion = 10.0.40219.1
Project("{FAE04EC0-301F-11D3-BF4B-00C04F79EFBC}") = "AdventOfCode", "AdventOfCode\AdventOfCode.csproj", "{1CA94DE0-277A-42D4-9CD5-B598B80AD3CC}"
EndProject
Global
	GlobalSection(SolutionConfigurationPlatforms) = preSolution
		Debug|Any CPU = Debug|Any CPU
		Release|Any CPU = Release|Any CPU
	EndGlobalSection
	GlobalSection(ProjectConfigurationPlatforms) = postSolution
		{1CA94DE0-277A-42D4-9CD5-B598B80AD3CC}.Debug|Any CPU.ActiveCfg = Debug|Any CPU
		{1CA94DE0-277A-42D4-9CD5-B598B80AD3CC}.Debug|Any CPU.Build.0 = Debug|Any CPU
		{1CA94DE0-277A-42D4-9CD5-B598B80AD3CC}.Release|Any CPU.ActiveCfg = Release|Any CPU
		{1CA94DE0-277A-42D4-9CD5-B598B80AD3CC}.Release|Any CPU.Build.0 = Release|Any CPU
	EndGlobalSection
	GlobalSection(SolutionProperties) = preSolution
		HideSolutionNode = FALSE
	EndGlobalSection
	GlobalSection(ExtensibilityGlobals) = postSolution
		SolutionGuid = {EEB6FD26-0DD1-43C1-B42C-E5479B1292C5}
	EndGlobalSection
EndGlobal
